
Microsoft Visual Studio Solution File, Format Version 12.00
Project("{FAE04EC0-301F-11D3-BF4B-00C04F79EFBC}") = "AliceChan", "AliceChan\AliceChan.csproj", "{FD33F700-E726-44B3-9A0E-B2E491450EF8}"
EndProject
Project("{FAE04EC0-301F-11D3-BF4B-00C04F79EFBC}") = "AliceChan.GraphQL", "AliceChan.GraphQL\AliceChan.GraphQL.csproj", "{120AFBC7-E202-428A-90C5-A352A61ED8A6}"
EndProject
Project("{FAE04EC0-301F-11D3-BF4B-00C04F79EFBC}") = "AliceChan.DB", "AliceChan.DB\AliceChan.DB.csproj", "{DDA6DB72-6A03-4069-A927-74693C72170B}"
EndProject
Project("{FAE04EC0-301F-11D3-BF4B-00C04F79EFBC}") = "AliceChan.Shared", "AliceChan.Shared\AliceChan.Shared.csproj", "{E2D09899-02F4-46AF-AAB5-5F4DBFD1CD73}"
EndProject
Project("{FAE04EC0-301F-11D3-BF4B-00C04F79EFBC}") = "AliceChan.GraphQL.Utils", "AliceChan.GraphQL.Utils\AliceChan.GraphQL.Utils.csproj", "{B87C7AFD-056A-4939-A1BC-AEB11AE79C7B}"
EndProject
Global
	GlobalSection(SolutionConfigurationPlatforms) = preSolution
		Debug|Any CPU = Debug|Any CPU
		Release|Any CPU = Release|Any CPU
	EndGlobalSection
	GlobalSection(ProjectConfigurationPlatforms) = postSolution
		{FD33F700-E726-44B3-9A0E-B2E491450EF8}.Debug|Any CPU.ActiveCfg = Debug|Any CPU
		{FD33F700-E726-44B3-9A0E-B2E491450EF8}.Debug|Any CPU.Build.0 = Debug|Any CPU
		{FD33F700-E726-44B3-9A0E-B2E491450EF8}.Release|Any CPU.ActiveCfg = Release|Any CPU
		{FD33F700-E726-44B3-9A0E-B2E491450EF8}.Release|Any CPU.Build.0 = Release|Any CPU
		{120AFBC7-E202-428A-90C5-A352A61ED8A6}.Debug|Any CPU.ActiveCfg = Debug|Any CPU
		{120AFBC7-E202-428A-90C5-A352A61ED8A6}.Debug|Any CPU.Build.0 = Debug|Any CPU
		{120AFBC7-E202-428A-90C5-A352A61ED8A6}.Release|Any CPU.ActiveCfg = Release|Any CPU
		{120AFBC7-E202-428A-90C5-A352A61ED8A6}.Release|Any CPU.Build.0 = Release|Any CPU
		{DDA6DB72-6A03-4069-A927-74693C72170B}.Debug|Any CPU.ActiveCfg = Debug|Any CPU
		{DDA6DB72-6A03-4069-A927-74693C72170B}.Debug|Any CPU.Build.0 = Debug|Any CPU
		{DDA6DB72-6A03-4069-A927-74693C72170B}.Release|Any CPU.ActiveCfg = Release|Any CPU
		{DDA6DB72-6A03-4069-A927-74693C72170B}.Release|Any CPU.Build.0 = Release|Any CPU
		{E2D09899-02F4-46AF-AAB5-5F4DBFD1CD73}.Debug|Any CPU.ActiveCfg = Debug|Any CPU
		{E2D09899-02F4-46AF-AAB5-5F4DBFD1CD73}.Debug|Any CPU.Build.0 = Debug|Any CPU
		{E2D09899-02F4-46AF-AAB5-5F4DBFD1CD73}.Release|Any CPU.ActiveCfg = Release|Any CPU
		{E2D09899-02F4-46AF-AAB5-5F4DBFD1CD73}.Release|Any CPU.Build.0 = Release|Any CPU
		{B87C7AFD-056A-4939-A1BC-AEB11AE79C7B}.Debug|Any CPU.ActiveCfg = Debug|Any CPU
		{B87C7AFD-056A-4939-A1BC-AEB11AE79C7B}.Debug|Any CPU.Build.0 = Debug|Any CPU
		{B87C7AFD-056A-4939-A1BC-AEB11AE79C7B}.Release|Any CPU.ActiveCfg = Release|Any CPU
		{B87C7AFD-056A-4939-A1BC-AEB11AE79C7B}.Release|Any CPU.Build.0 = Release|Any CPU
	EndGlobalSection
EndGlobal
